
Microsoft Visual Studio Solution File, Format Version 12.00
# Visual Studio 15
VisualStudioVersion = 15.0.27703.2000
MinimumVisualStudioVersion = 10.0.40219.1
Project("{FAE04EC0-301F-11D3-BF4B-00C04F79EFBC}") = "CareerCloud.Pocos", "CareerCloud.Pocos\CareerCloud.Pocos.csproj", "{730B36DD-B306-4A23-B604-445A34CDB475}"
EndProject
Project("{FAE04EC0-301F-11D3-BF4B-00C04F79EFBC}") = "CareerCloud.DataAccessLayer", "CareerCloud.DataAccessLayer\CareerCloud.DataAccessLayer.csproj", "{4343FE70-FEE9-44C9-94B5-86CDAC7AEE01}"
EndProject
Project("{FAE04EC0-301F-11D3-BF4B-00C04F79EFBC}") = "CareerCloud.ADODataAccessLayer", "CareerCloud.ADODataAccessLayer\CareerCloud.ADODataAccessLayer.csproj", "{06F2C38A-0612-470B-B131-0ACC9301FDBB}"
EndProject
Project("{FAE04EC0-301F-11D3-BF4B-00C04F79EFBC}") = "CareerCloud.BusinessLogicLayer", "CareerCloud.BusinessLogicLayer\CareerCloud.BusinessLogicLayer.csproj", "{94EC72F5-452D-4803-94CC-EFF50A9C3265}"
EndProject
Project("{FAE04EC0-301F-11D3-BF4B-00C04F79EFBC}") = "CareerCloud.EntityFrameworkDataAccess", "CareerCloud.EntityFrameworkDataAccess\CareerCloud.EntityFrameworkDataAccess.csproj", "{E3E73613-85F9-4F26-BA47-620077490A64}"
EndProject
Project("{FAE04EC0-301F-11D3-BF4B-00C04F79EFBC}") = "CareerCloud.WCF", "CareerCloud.WCF\CareerCloud.WCF.csproj", "{D3A9C1E0-91DA-4177-8EB1-150017881E19}"
EndProject
Project("{FAE04EC0-301F-11D3-BF4B-00C04F79EFBC}") = "CareerCloud.WebAPI", "CareerCloud.WebAPI\CareerCloud.WebAPI.csproj", "{0A177B7D-EBEA-4ADF-A47B-9E34AF8EFBF7}"
EndProject
Project("{FAE04EC0-301F-11D3-BF4B-00C04F79EFBC}") = "CareerCloud.UnitTests.Assignment6", "C:\Users\hegel\source\repos\CareerCloud\CareerCloud.UnitTests.Assignment6\CareerCloud.UnitTests.Assignment6\CareerCloud.UnitTests.Assignment6.csproj", "{878AFB57-B469-4CC7-A714-0E447A4DA8E4}"
EndProject
Global
	GlobalSection(SolutionConfigurationPlatforms) = preSolution
		Debug|Any CPU = Debug|Any CPU
		Release|Any CPU = Release|Any CPU
	EndGlobalSection
	GlobalSection(ProjectConfigurationPlatforms) = postSolution
		{730B36DD-B306-4A23-B604-445A34CDB475}.Debug|Any CPU.ActiveCfg = Debug|Any CPU
		{730B36DD-B306-4A23-B604-445A34CDB475}.Debug|Any CPU.Build.0 = Debug|Any CPU
		{730B36DD-B306-4A23-B604-445A34CDB475}.Release|Any CPU.ActiveCfg = Release|Any CPU
		{730B36DD-B306-4A23-B604-445A34CDB475}.Release|Any CPU.Build.0 = Release|Any CPU
		{4343FE70-FEE9-44C9-94B5-86CDAC7AEE01}.Debug|Any CPU.ActiveCfg = Debug|Any CPU
		{4343FE70-FEE9-44C9-94B5-86CDAC7AEE01}.Debug|Any CPU.Build.0 = Debug|Any CPU
		{4343FE70-FEE9-44C9-94B5-86CDAC7AEE01}.Release|Any CPU.ActiveCfg = Release|Any CPU
		{4343FE70-FEE9-44C9-94B5-86CDAC7AEE01}.Release|Any CPU.Build.0 = Release|Any CPU
		{06F2C38A-0612-470B-B131-0ACC9301FDBB}.Debug|Any CPU.ActiveCfg = Debug|Any CPU
		{06F2C38A-0612-470B-B131-0ACC9301FDBB}.Debug|Any CPU.Build.0 = Debug|Any CPU
		{06F2C38A-0612-470B-B131-0ACC9301FDBB}.Release|Any CPU.ActiveCfg = Release|Any CPU
		{06F2C38A-0612-470B-B131-0ACC9301FDBB}.Release|Any CPU.Build.0 = Release|Any CPU
		{94EC72F5-452D-4803-94CC-EFF50A9C3265}.Debug|Any CPU.ActiveCfg = Debug|Any CPU
		{94EC72F5-452D-4803-94CC-EFF50A9C3265}.Debug|Any CPU.Build.0 = Debug|Any CPU
		{94EC72F5-452D-4803-94CC-EFF50A9C3265}.Release|Any CPU.ActiveCfg = Release|Any CPU
		{94EC72F5-452D-4803-94CC-EFF50A9C3265}.Release|Any CPU.Build.0 = Release|Any CPU
		{E3E73613-85F9-4F26-BA47-620077490A64}.Debug|Any CPU.ActiveCfg = Debug|Any CPU
		{E3E73613-85F9-4F26-BA47-620077490A64}.Debug|Any CPU.Build.0 = Debug|Any CPU
		{E3E73613-85F9-4F26-BA47-620077490A64}.Release|Any CPU.ActiveCfg = Release|Any CPU
		{E3E73613-85F9-4F26-BA47-620077490A64}.Release|Any CPU.Build.0 = Release|Any CPU
		{D3A9C1E0-91DA-4177-8EB1-150017881E19}.Debug|Any CPU.ActiveCfg = Debug|Any CPU
		{D3A9C1E0-91DA-4177-8EB1-150017881E19}.Debug|Any CPU.Build.0 = Debug|Any CPU
		{D3A9C1E0-91DA-4177-8EB1-150017881E19}.Release|Any CPU.ActiveCfg = Release|Any CPU
		{D3A9C1E0-91DA-4177-8EB1-150017881E19}.Release|Any CPU.Build.0 = Release|Any CPU
		{0A177B7D-EBEA-4ADF-A47B-9E34AF8EFBF7}.Debug|Any CPU.ActiveCfg = Debug|Any CPU
		{0A177B7D-EBEA-4ADF-A47B-9E34AF8EFBF7}.Debug|Any CPU.Build.0 = Debug|Any CPU
		{0A177B7D-EBEA-4ADF-A47B-9E34AF8EFBF7}.Release|Any CPU.ActiveCfg = Release|Any CPU
		{0A177B7D-EBEA-4ADF-A47B-9E34AF8EFBF7}.Release|Any CPU.Build.0 = Release|Any CPU
		{878AFB57-B469-4CC7-A714-0E447A4DA8E4}.Debug|Any CPU.ActiveCfg = Debug|Any CPU
		{878AFB57-B469-4CC7-A714-0E447A4DA8E4}.Debug|Any CPU.Build.0 = Debug|Any CPU
		{878AFB57-B469-4CC7-A714-0E447A4DA8E4}.Release|Any CPU.ActiveCfg = Release|Any CPU
		{878AFB57-B469-4CC7-A714-0E447A4DA8E4}.Release|Any CPU.Build.0 = Release|Any CPU
	EndGlobalSection
	GlobalSection(SolutionProperties) = preSolution
		HideSolutionNode = FALSE
	EndGlobalSection
	GlobalSection(ExtensibilityGlobals) = postSolution
		SolutionGuid = {CE81E5C3-EEDE-4851-94D9-A9A006282B10}
	EndGlobalSection
EndGlobal
